PODS:
  - Flutter (1.0.0)
  - integration_test (0.0.1):
    - Flutter
  - tapjoy (0.0.1):
    - Flutter

DEPENDENCIES:
  - Flutter (from `Flutter`)
  - integration_test (from `.symlinks/plugins/integration_test/ios`)
  - tapjoy (from `.symlinks/plugins/tapjoy/ios`)

EXTERNAL SOURCES:
  Flutter:
    :path: Flutter
  integration_test:
    :path: ".symlinks/plugins/integration_test/ios"
  tapjoy:
    :path: ".symlinks/plugins/tapjoy/ios"

SPEC CHECKSUMS:
  Flutter: e0871f40cf51350855a761d2e70bf5af5b9b5de7
  integration_test: 13825b8a9334a850581300559b8839134b124670
  tapjoy: 04a348a6af0e118597e88385404c78028d7e3df8

PODFILE CHECKSUM: 6e700dec67e6deac9b1c69bb14c49a2217a12d15

COCOAPODS: 1.15.2
