PODS:
  - Flutter (1.0.0)
  - integration_test (0.0.1):
    - Flutter
  - ironsource_adqualitysdk (0.0.1):
    - Flutter
    - IronSourceAdQualitySDK (= 7.15.0)
  - IronSourceAdQualitySDK (7.15.0)

DEPENDENCIES:
  - Flutter (from `Flutter`)
  - integration_test (from `.symlinks/plugins/integration_test/ios`)
  - ironsource_adqualitysdk (from `.symlinks/plugins/ironsource_adqualitysdk/ios`)
  - IronSourceAdQualitySDK (= 7.15.0)

SPEC REPOS:
  trunk:
    - IronSourceAdQualitySDK

EXTERNAL SOURCES:
  Flutter:
    :path: Flutter
  integration_test:
    :path: ".symlinks/plugins/integration_test/ios"
  ironsource_adqualitysdk:
    :path: ".symlinks/plugins/ironsource_adqualitysdk/ios"

SPEC CHECKSUMS:
  Flutter: f04841e97a9d0b0a8025694d0796dd46242b2854
  integration_test: 13825b8a9334a850581300559b8839134b124670
  ironsource_adqualitysdk: 2c841dc562baa2fd1f7f3036a16773da44e5924f
  IronSourceAdQualitySDK: 0b72cbe5e8405bd1aca633c2f17149639450a88b

PODFILE CHECKSUM: d22227a436a9d6c29d506e8f7ef5d734f99bc73c

COCOAPODS: 1.14.3
